<?xml version="1.0" encoding="utf-8"?>
<Project ToolsVersion="4.0" xmlns="http://schemas.microsoft.com/developer/msbuild/2003">
  <ItemGroup>
    <Filter Include="Sources">
      <UniqueIdentifier>{8b7ed093-66ce-4096-96d2-fbb9faa4bf52}</UniqueIdentifier>
    </Filter>
    <Filter Include="Sources\Modules">
      <UniqueIdentifier>{7b418be2-1631-4a31-9ef2-8a8b234a7339}</UniqueIdentifier>
    </Filter>
    <Filter Include="Sources\Containers">
      <UniqueIdentifier>{afc36133-f401-499a-aa33-0da1e500fb52}</UniqueIdentifier>
    </Filter>
    <Filter Include="Sources\Tools">
      <UniqueIdentifier>{7e4dfaf7-022c-4f7d-92aa-f3b3fa9d6248}</UniqueIdentifier>
    </Filter>
    <Filter Include="Sources\Helpers">
      <UniqueIdentifier>{121f8e6b-df36-4ab0-be0d-601ddfc9e503}</UniqueIdentifier>
    </Filter>
    <Filter Include="Sources\Tries">
      <UniqueIdentifier>{1e8231ae-8032-4b7b-b6f7-df573f7d07c7}</UniqueIdentifier>
    </Filter>
    <Filter Include="Sources\ImGui">
      <UniqueIdentifier>{5c21ae56-3d87-4f69-9cac-9c6d40033106}</UniqueIdentifier>
    </Filter>
    <Filter Include="Sources\Tools\MathGeoLib">
      <UniqueIdentifier>{f50d2664-3390-416d-9420-1b1db2bd7c02}</UniqueIdentifier>
    </Filter>
    <Filter Include="Sources\Tools\MathGeoLib\Math">
      <UniqueIdentifier>{e53f70cb-bd2b-4783-b8f0-58d553bd9c4e}</UniqueIdentifier>
    </Filter>
    <Filter Include="Sources\Tools\MathGeoLib\Algorithm">
      <UniqueIdentifier>{8408227f-1e9f-44bd-b4d1-257c094d3528}</UniqueIdentifier>
    </Filter>
    <Filter Include="Sources\Tools\MathGeoLib\Geometry">
      <UniqueIdentifier>{7673822e-555f-4885-82ec-c1f730324309}</UniqueIdentifier>
    </Filter>
    <Filter Include="Sources\Tools\MathGeoLib\Time">
      <UniqueIdentifier>{6d3034ad-40d3-43ac-a8df-c4710b2b604e}</UniqueIdentifier>
    </Filter>
    <Filter Include="Sources\Tools\MathGeoLib\Algorithm\Random">
      <UniqueIdentifier>{5c33e211-82d4-432e-b0d1-b6a87749fb08}</UniqueIdentifier>
    </Filter>
    <Filter Include="Sources\Tools\Glew">
      <UniqueIdentifier>{7cd6c3f5-ba06-4c91-a07b-4ded9ca95e19}</UniqueIdentifier>
    </Filter>
    <Filter Include="Sources\Tools\Glew\Bin">
      <UniqueIdentifier>{f6c44782-e343-4650-9e01-1051964c407e}</UniqueIdentifier>
    </Filter>
    <Filter Include="Sources\Tools\Glew\Doc">
      <UniqueIdentifier>{d8064930-f156-41a0-a7ff-22dbbe7807c6}</UniqueIdentifier>
    </Filter>
    <Filter Include="Sources\Tools\Glew\Lib">
      <UniqueIdentifier>{1b2412df-3e1c-4ccd-b60e-b6b210844462}</UniqueIdentifier>
    </Filter>
    <Filter Include="Sources\Tools\Glew\Include">
      <UniqueIdentifier>{ba3616a5-f4b5-48c4-9103-acc17a93d9b4}</UniqueIdentifier>
    </Filter>
    <Filter Include="Sources\Tools\Glew\Bin\release">
      <UniqueIdentifier>{e7f9d93f-f91d-48a5-971d-4d89f8b3d733}</UniqueIdentifier>
    </Filter>
    <Filter Include="Sources\Tools\Glew\Bin\release\Win32">
      <UniqueIdentifier>{2e05fab5-eeaa-4765-b7d0-4ac5e0acd0b8}</UniqueIdentifier>
    </Filter>
    <Filter Include="Sources\Tools\Glew\Bin\release\x64">
      <UniqueIdentifier>{eca43bba-f557-442c-acbf-4370fe36dbbc}</UniqueIdentifier>
    </Filter>
    <Filter Include="Sources\Tools\Glew\Include\GL">
      <UniqueIdentifier>{d39b6803-6f4c-4c0d-bcb2-21c129cdd310}</UniqueIdentifier>
    </Filter>
    <Filter Include="Sources\Tools\Glew\Lib\release">
      <UniqueIdentifier>{528b4acf-efcf-404f-b53c-63eec4ba6263}</UniqueIdentifier>
    </Filter>
    <Filter Include="Sources\Tools\Glew\Lib\release\Win32">
      <UniqueIdentifier>{6d1ec49e-e7b0-454d-8a5e-5284818ec6a1}</UniqueIdentifier>
    </Filter>
    <Filter Include="Sources\Tools\Glew\Lib\release\x64">
      <UniqueIdentifier>{8f32657b-7a97-448c-85e2-563a0a10d61c}</UniqueIdentifier>
    </Filter>
    <Filter Include="Sources\Assimp">
      <UniqueIdentifier>{3b3e074f-b656-431f-96ba-a2b44290bdd6}</UniqueIdentifier>
    </Filter>
  </ItemGroup>
  <ItemGroup>
    <ClInclude Include="Module.h">
      <Filter>Sources\Modules</Filter>
    </ClInclude>
    <ClInclude Include="ModuleAudio.h">
      <Filter>Sources\Modules</Filter>
    </ClInclude>
    <ClInclude Include="ModuleCamera3D.h">
      <Filter>Sources\Modules</Filter>
    </ClInclude>
    <ClInclude Include="ModuleInput.h">
      <Filter>Sources\Modules</Filter>
    </ClInclude>
    <ClInclude Include="ModuleRenderer3D.h">
      <Filter>Sources\Modules</Filter>
    </ClInclude>
    <ClInclude Include="ModuleWindow.h">
      <Filter>Sources\Modules</Filter>
    </ClInclude>
    <ClInclude Include="glmath.h">
      <Filter>Sources\Containers</Filter>
    </ClInclude>
    <ClInclude Include="Application.h">
      <Filter>Sources</Filter>
    </ClInclude>
    <ClInclude Include="Globals.h">
      <Filter>Sources</Filter>
    </ClInclude>
    <ClInclude Include="Color.h">
      <Filter>Sources\Containers</Filter>
    </ClInclude>
    <ClInclude Include="Light.h">
      <Filter>Sources\Helpers</Filter>
    </ClInclude>
    <ClInclude Include="Timer.h">
      <Filter>Sources\Tools</Filter>
    </ClInclude>
    <ClInclude Include="ModuleScene_01.h">
      <Filter>Sources\Modules</Filter>
    </ClInclude>
    <ClInclude Include="imgui\include\imgui_impl_sdl.h">
      <Filter>Sources\ImGui</Filter>
    </ClInclude>
    <ClInclude Include="imgui\include\imgui_impl_sdlrenderer.h">
      <Filter>Sources\ImGui</Filter>
    </ClInclude>
    <ClInclude Include="imgui\include\imgui_internal.h">
      <Filter>Sources\ImGui</Filter>
    </ClInclude>
    <ClInclude Include="imgui\include\imstb_rectpack.h">
      <Filter>Sources\ImGui</Filter>
    </ClInclude>
    <ClInclude Include="imgui\include\imstb_textedit.h">
      <Filter>Sources\ImGui</Filter>
    </ClInclude>
    <ClInclude Include="imgui\include\imstb_truetype.h">
      <Filter>Sources\ImGui</Filter>
    </ClInclude>
    <ClInclude Include="imgui\include\imconfig.h">
      <Filter>Sources\ImGui</Filter>
    </ClInclude>
    <ClInclude Include="imgui\include\imgui.h">
      <Filter>Sources\ImGui</Filter>
    </ClInclude>
    <ClInclude Include="imgui\include\imgui_impl_opengl3.h">
      <Filter>Sources\ImGui</Filter>
    </ClInclude>
    <ClInclude Include="imgui\include\imgui_impl_opengl3_loader.h">
      <Filter>Sources\ImGui</Filter>
    </ClInclude>
    <ClInclude Include="PerfTimer.h">
      <Filter>Sources\Tools</Filter>
    </ClInclude>
    <ClInclude Include="MathGeoLib-master\src\Math\assume.h">
      <Filter>Sources\Tools\MathGeoLib\Math</Filter>
    </ClInclude>
    <ClInclude Include="MathGeoLib-master\src\Math\BitFuncs.h">
      <Filter>Sources\Tools\MathGeoLib\Math</Filter>
    </ClInclude>
    <ClInclude Include="MathGeoLib-master\src\Math\BitOps.h">
      <Filter>Sources\Tools\MathGeoLib\Math</Filter>
    </ClInclude>
    <ClInclude Include="MathGeoLib-master\src\Math\Callstack.h">
      <Filter>Sources\Tools\MathGeoLib\Math</Filter>
    </ClInclude>
    <ClInclude Include="MathGeoLib-master\src\Math\FixedPoint.h">
      <Filter>Sources\Tools\MathGeoLib\Math</Filter>
    </ClInclude>
    <ClInclude Include="MathGeoLib-master\src\Math\float2.h">
      <Filter>Sources\Tools\MathGeoLib\Math</Filter>
    </ClInclude>
    <ClInclude Include="MathGeoLib-master\src\Math\float3.h">
      <Filter>Sources\Tools\MathGeoLib\Math</Filter>
    </ClInclude>
    <ClInclude Include="MathGeoLib-master\src\Math\float3x3.h">
      <Filter>Sources\Tools\MathGeoLib\Math</Filter>
    </ClInclude>
    <ClInclude Include="MathGeoLib-master\src\Math\float3x4.h">
      <Filter>Sources\Tools\MathGeoLib\Math</Filter>
    </ClInclude>
    <ClInclude Include="MathGeoLib-master\src\Math\float4.h">
      <Filter>Sources\Tools\MathGeoLib\Math</Filter>
    </ClInclude>
    <ClInclude Include="MathGeoLib-master\src\Math\float4_neon.h">
      <Filter>Sources\Tools\MathGeoLib\Math</Filter>
    </ClInclude>
    <ClInclude Include="MathGeoLib-master\src\Math\float4_sse.h">
      <Filter>Sources\Tools\MathGeoLib\Math</Filter>
    </ClInclude>
    <ClInclude Include="MathGeoLib-master\src\Math\float4d.h">
      <Filter>Sources\Tools\MathGeoLib\Math</Filter>
    </ClInclude>
    <ClInclude Include="MathGeoLib-master\src\Math\float4x4.h">
      <Filter>Sources\Tools\MathGeoLib\Math</Filter>
    </ClInclude>
    <ClInclude Include="MathGeoLib-master\src\Math\float4x4_neon.h">
      <Filter>Sources\Tools\MathGeoLib\Math</Filter>
    </ClInclude>
    <ClInclude Include="MathGeoLib-master\src\Math\float4x4_sse.h">
      <Filter>Sources\Tools\MathGeoLib\Math</Filter>
    </ClInclude>
    <ClInclude Include="MathGeoLib-master\src\Math\FloatCmp.h">
      <Filter>Sources\Tools\MathGeoLib\Math</Filter>
    </ClInclude>
    <ClInclude Include="MathGeoLib-master\src\Math\grisu3.h">
      <Filter>Sources\Tools\MathGeoLib\Math</Filter>
    </ClInclude>
    <ClInclude Include="MathGeoLib-master\src\Math\InclWindows.h">
      <Filter>Sources\Tools\MathGeoLib\Math</Filter>
    </ClInclude>
    <ClInclude Include="MathGeoLib-master\src\Math\Interpolate.h">
      <Filter>Sources\Tools\MathGeoLib\Math</Filter>
    </ClInclude>
    <ClInclude Include="MathGeoLib-master\src\Math\MathAll.h">
      <Filter>Sources\Tools\MathGeoLib\Math</Filter>
    </ClInclude>
    <ClInclude Include="MathGeoLib-master\src\Math\MathConstants.h">
      <Filter>Sources\Tools\MathGeoLib\Math</Filter>
    </ClInclude>
    <ClInclude Include="MathGeoLib-master\src\Math\MathFunc.h">
      <Filter>Sources\Tools\MathGeoLib\Math</Filter>
    </ClInclude>
    <ClInclude Include="MathGeoLib-master\src\Math\MathLog.h">
      <Filter>Sources\Tools\MathGeoLib\Math</Filter>
    </ClInclude>
    <ClInclude Include="MathGeoLib-master\src\Math\MathNamespace.h">
      <Filter>Sources\Tools\MathGeoLib\Math</Filter>
    </ClInclude>
    <ClInclude Include="MathGeoLib-master\src\Math\MathTypes.h">
      <Filter>Sources\Tools\MathGeoLib\Math</Filter>
    </ClInclude>
    <ClInclude Include="MathGeoLib-master\src\Math\MatrixProxy.h">
      <Filter>Sources\Tools\MathGeoLib\Math</Filter>
    </ClInclude>
    <ClInclude Include="MathGeoLib-master\src\Math\MiniFloat.h">
      <Filter>Sources\Tools\MathGeoLib\Math</Filter>
    </ClInclude>
    <ClInclude Include="MathGeoLib-master\src\Math\MultiLineMacro.h">
      <Filter>Sources\Tools\MathGeoLib\Math</Filter>
    </ClInclude>
    <ClInclude Include="MathGeoLib-master\src\Math\myassert.h">
      <Filter>Sources\Tools\MathGeoLib\Math</Filter>
    </ClInclude>
    <ClInclude Include="MathGeoLib-master\src\Math\Polynomial.h">
      <Filter>Sources\Tools\MathGeoLib\Math</Filter>
    </ClInclude>
    <ClInclude Include="MathGeoLib-master\src\Math\Quat.h">
      <Filter>Sources\Tools\MathGeoLib\Math</Filter>
    </ClInclude>
    <ClInclude Include="MathGeoLib-master\src\Math\quat_simd.h">
      <Filter>Sources\Tools\MathGeoLib\Math</Filter>
    </ClInclude>
    <ClInclude Include="MathGeoLib-master\src\Math\Rect.h">
      <Filter>Sources\Tools\MathGeoLib\Math</Filter>
    </ClInclude>
    <ClInclude Include="MathGeoLib-master\src\Math\Reinterpret.h">
      <Filter>Sources\Tools\MathGeoLib\Math</Filter>
    </ClInclude>
    <ClInclude Include="MathGeoLib-master\src\Math\simd.h">
      <Filter>Sources\Tools\MathGeoLib\Math</Filter>
    </ClInclude>
    <ClInclude Include="MathGeoLib-master\src\Math\sse_mathfun.h">
      <Filter>Sources\Tools\MathGeoLib\Math</Filter>
    </ClInclude>
    <ClInclude Include="MathGeoLib-master\src\Math\SSEMath.h">
      <Filter>Sources\Tools\MathGeoLib\Math</Filter>
    </ClInclude>
    <ClInclude Include="MathGeoLib-master\src\Math\Swap.h">
      <Filter>Sources\Tools\MathGeoLib\Math</Filter>
    </ClInclude>
    <ClInclude Include="MathGeoLib-master\src\Math\TransformOps.h">
      <Filter>Sources\Tools\MathGeoLib\Math</Filter>
    </ClInclude>
    <ClInclude Include="MathGeoLib-master\src\Math\vec2d.h">
      <Filter>Sources\Tools\MathGeoLib\Math</Filter>
    </ClInclude>
    <ClInclude Include="MathGeoLib-master\src\Algorithm\GJK.h">
      <Filter>Sources\Tools\MathGeoLib\Algorithm</Filter>
    </ClInclude>
    <ClInclude Include="MathGeoLib-master\src\Algorithm\GJK2D.h">
      <Filter>Sources\Tools\MathGeoLib\Algorithm</Filter>
    </ClInclude>
    <ClInclude Include="MathGeoLib-master\src\Algorithm\SAT.h">
      <Filter>Sources\Tools\MathGeoLib\Algorithm</Filter>
    </ClInclude>
    <ClInclude Include="MathGeoLib-master\src\Geometry\AABB.h">
      <Filter>Sources\Tools\MathGeoLib\Geometry</Filter>
    </ClInclude>
    <ClInclude Include="MathGeoLib-master\src\Geometry\AABB2D.h">
      <Filter>Sources\Tools\MathGeoLib\Geometry</Filter>
    </ClInclude>
    <ClInclude Include="MathGeoLib-master\src\Geometry\Capsule.h">
      <Filter>Sources\Tools\MathGeoLib\Geometry</Filter>
    </ClInclude>
    <ClInclude Include="MathGeoLib-master\src\Geometry\Circle.h">
      <Filter>Sources\Tools\MathGeoLib\Geometry</Filter>
    </ClInclude>
    <ClInclude Include="MathGeoLib-master\src\Geometry\Circle2D.h">
      <Filter>Sources\Tools\MathGeoLib\Geometry</Filter>
    </ClInclude>
    <ClInclude Include="MathGeoLib-master\src\Geometry\Frustum.h">
      <Filter>Sources\Tools\MathGeoLib\Geometry</Filter>
    </ClInclude>
    <ClInclude Include="MathGeoLib-master\src\Geometry\GeometryAll.h">
      <Filter>Sources\Tools\MathGeoLib\Geometry</Filter>
    </ClInclude>
    <ClInclude Include="MathGeoLib-master\src\Geometry\GeomType.h">
      <Filter>Sources\Tools\MathGeoLib\Geometry</Filter>
    </ClInclude>
    <ClInclude Include="MathGeoLib-master\src\Geometry\HitInfo.h">
      <Filter>Sources\Tools\MathGeoLib\Geometry</Filter>
    </ClInclude>
    <ClInclude Include="MathGeoLib-master\src\Geometry\KDTree.h">
      <Filter>Sources\Tools\MathGeoLib\Geometry</Filter>
    </ClInclude>
    <ClInclude Include="MathGeoLib-master\src\Geometry\Line.h">
      <Filter>Sources\Tools\MathGeoLib\Geometry</Filter>
    </ClInclude>
    <ClInclude Include="MathGeoLib-master\src\Geometry\LineSegment.h">
      <Filter>Sources\Tools\MathGeoLib\Geometry</Filter>
    </ClInclude>
    <ClInclude Include="MathGeoLib-master\src\Geometry\LineSegment2D.h">
      <Filter>Sources\Tools\MathGeoLib\Geometry</Filter>
    </ClInclude>
    <ClInclude Include="MathGeoLib-master\src\Geometry\OBB.h">
      <Filter>Sources\Tools\MathGeoLib\Geometry</Filter>
    </ClInclude>
    <ClInclude Include="MathGeoLib-master\src\Geometry\OBB2D.h">
      <Filter>Sources\Tools\MathGeoLib\Geometry</Filter>
    </ClInclude>
    <ClInclude Include="MathGeoLib-master\src\Geometry\PBVolume.h">
      <Filter>Sources\Tools\MathGeoLib\Geometry</Filter>
    </ClInclude>
    <ClInclude Include="MathGeoLib-master\src\Geometry\Plane.h">
      <Filter>Sources\Tools\MathGeoLib\Geometry</Filter>
    </ClInclude>
    <ClInclude Include="MathGeoLib-master\src\Geometry\Polygon.h">
      <Filter>Sources\Tools\MathGeoLib\Geometry</Filter>
    </ClInclude>
    <ClInclude Include="MathGeoLib-master\src\Geometry\Polygon2DRef.h">
      <Filter>Sources\Tools\MathGeoLib\Geometry</Filter>
    </ClInclude>
    <ClInclude Include="MathGeoLib-master\src\Geometry\Polyhedron.h">
      <Filter>Sources\Tools\MathGeoLib\Geometry</Filter>
    </ClInclude>
    <ClInclude Include="MathGeoLib-master\src\Geometry\QuadTree.h">
      <Filter>Sources\Tools\MathGeoLib\Geometry</Filter>
    </ClInclude>
    <ClInclude Include="MathGeoLib-master\src\Geometry\Ray.h">
      <Filter>Sources\Tools\MathGeoLib\Geometry</Filter>
    </ClInclude>
    <ClInclude Include="MathGeoLib-master\src\Geometry\Sphere.h">
      <Filter>Sources\Tools\MathGeoLib\Geometry</Filter>
    </ClInclude>
    <ClInclude Include="MathGeoLib-master\src\Geometry\Triangle.h">
      <Filter>Sources\Tools\MathGeoLib\Geometry</Filter>
    </ClInclude>
    <ClInclude Include="MathGeoLib-master\src\Geometry\Triangle2D.h">
      <Filter>Sources\Tools\MathGeoLib\Geometry</Filter>
    </ClInclude>
    <ClInclude Include="MathGeoLib-master\src\Geometry\TriangleMesh.h">
      <Filter>Sources\Tools\MathGeoLib\Geometry</Filter>
    </ClInclude>
    <ClInclude Include="MathGeoLib-master\src\Algorithm\Random\LCG.h">
      <Filter>Sources\Tools\MathGeoLib\Algorithm\Random</Filter>
    </ClInclude>
    <ClInclude Include="MathGeoLib-master\src\Time\Clock.h">
      <Filter>Sources\Tools\MathGeoLib\Time</Filter>
    </ClInclude>
    <ClInclude Include="MathGeoLib-master\src\MathBuildConfig.h">
      <Filter>Sources\Tools\MathGeoLib</Filter>
    </ClInclude>
    <ClInclude Include="MathGeoLib-master\src\MathGeoLib.h">
      <Filter>Sources\Tools\MathGeoLib</Filter>
    </ClInclude>
    <ClInclude Include="MathGeoLib-master\src\MathGeoLibFwd.h">
      <Filter>Sources\Tools\MathGeoLib</Filter>
    </ClInclude>
    <ClInclude Include="glew\include\GL\eglew.h">
      <Filter>Sources\Tools\Glew\Include\GL</Filter>
    </ClInclude>
    <ClInclude Include="glew\include\GL\glew.h">
      <Filter>Sources\Tools\Glew\Include\GL</Filter>
    </ClInclude>
    <ClInclude Include="glew\include\GL\glxew.h">
      <Filter>Sources\Tools\Glew\Include\GL</Filter>
    </ClInclude>
    <ClInclude Include="glew\include\GL\wglew.h">
      <Filter>Sources\Tools\Glew\Include\GL</Filter>
    </ClInclude>
    <ClInclude Include="ModuleLoadFBX.h">
      <Filter>Sources\Modules</Filter>
    </ClInclude>
    <ClInclude Include="Assimp\assimp\StreamReader.h">
      <Filter>Sources\Assimp</Filter>
    </ClInclude>
    <ClInclude Include="Assimp\assimp\StreamWriter.h">
      <Filter>Sources\Assimp</Filter>
    </ClInclude>
    <ClInclude Include="Assimp\assimp\StringComparison.h">
      <Filter>Sources\Assimp</Filter>
    </ClInclude>
    <ClInclude Include="Assimp\assimp\StringUtils.h">
      <Filter>Sources\Assimp</Filter>
    </ClInclude>
    <ClInclude Include="Assimp\assimp\Subdivision.h">
      <Filter>Sources\Assimp</Filter>
    </ClInclude>
    <ClInclude Include="Assimp\assimp\texture.h">
      <Filter>Sources\Assimp</Filter>
    </ClInclude>
    <ClInclude Include="Assimp\assimp\TinyFormatter.h">
      <Filter>Sources\Assimp</Filter>
    </ClInclude>
    <ClInclude Include="Assimp\assimp\types.h">
      <Filter>Sources\Assimp</Filter>
    </ClInclude>
    <ClInclude Include="Assimp\assimp\vector2.h">
      <Filter>Sources\Assimp</Filter>
    </ClInclude>
    <ClInclude Include="Assimp\assimp\vector3.h">
      <Filter>Sources\Assimp</Filter>
    </ClInclude>
    <ClInclude Include="Assimp\assimp\version.h">
      <Filter>Sources\Assimp</Filter>
    </ClInclude>
    <ClInclude Include="Assimp\assimp\Vertex.h">
      <Filter>Sources\Assimp</Filter>
    </ClInclude>
    <ClInclude Include="Assimp\assimp\XmlParser.h">
      <Filter>Sources\Assimp</Filter>
    </ClInclude>
    <ClInclude Include="Assimp\assimp\XMLTools.h">
      <Filter>Sources\Assimp</Filter>
    </ClInclude>
    <ClInclude Include="Assimp\assimp\ZipArchiveIOSystem.h">
      <Filter>Sources\Assimp</Filter>
    </ClInclude>
    <ClInclude Include="Assimp\assimp\aabb.h">
      <Filter>Sources\Assimp</Filter>
    </ClInclude>
    <ClInclude Include="Assimp\assimp\ai_assert.h">
      <Filter>Sources\Assimp</Filter>
    </ClInclude>
    <ClInclude Include="Assimp\assimp\anim.h">
      <Filter>Sources\Assimp</Filter>
    </ClInclude>
    <ClInclude Include="Assimp\assimp\Base64.hpp">
      <Filter>Sources\Assimp</Filter>
    </ClInclude>
    <ClInclude Include="Assimp\assimp\BaseImporter.h">
      <Filter>Sources\Assimp</Filter>
    </ClInclude>
    <ClInclude Include="Assimp\assimp\Bitmap.h">
      <Filter>Sources\Assimp</Filter>
    </ClInclude>
    <ClInclude Include="Assimp\assimp\BlobIOSystem.h">
      <Filter>Sources\Assimp</Filter>
    </ClInclude>
    <ClInclude Include="Assimp\assimp\ByteSwapper.h">
      <Filter>Sources\Assimp</Filter>
    </ClInclude>
    <ClInclude Include="Assimp\assimp\camera.h">
      <Filter>Sources\Assimp</Filter>
    </ClInclude>
    <ClInclude Include="Assimp\assimp\cexport.h">
      <Filter>Sources\Assimp</Filter>
    </ClInclude>
    <ClInclude Include="Assimp\assimp\cfileio.h">
      <Filter>Sources\Assimp</Filter>
    </ClInclude>
    <ClInclude Include="Assimp\assimp\cimport.h">
      <Filter>Sources\Assimp</Filter>
    </ClInclude>
    <ClInclude Include="Assimp\assimp\ColladaMetaData.h">
      <Filter>Sources\Assimp</Filter>
    </ClInclude>
    <ClInclude Include="Assimp\assimp\color4.h">
      <Filter>Sources\Assimp</Filter>
    </ClInclude>
    <ClInclude Include="Assimp\assimp\commonMetaData.h">
      <Filter>Sources\Assimp</Filter>
    </ClInclude>
    <ClInclude Include="Assimp\assimp\config.h">
      <Filter>Sources\Assimp</Filter>
    </ClInclude>
    <ClInclude Include="Assimp\assimp\CreateAnimMesh.h">
      <Filter>Sources\Assimp</Filter>
    </ClInclude>
    <ClInclude Include="Assimp\assimp\DefaultIOStream.h">
      <Filter>Sources\Assimp</Filter>
    </ClInclude>
    <ClInclude Include="Assimp\assimp\DefaultIOSystem.h">
      <Filter>Sources\Assimp</Filter>
    </ClInclude>
    <ClInclude Include="Assimp\assimp\DefaultLogger.hpp">
      <Filter>Sources\Assimp</Filter>
    </ClInclude>
    <ClInclude Include="Assimp\assimp\defs.h">
      <Filter>Sources\Assimp</Filter>
    </ClInclude>
    <ClInclude Include="Assimp\assimp\Exceptional.h">
      <Filter>Sources\Assimp</Filter>
    </ClInclude>
    <ClInclude Include="Assimp\assimp\Exporter.hpp">
      <Filter>Sources\Assimp</Filter>
    </ClInclude>
    <ClInclude Include="Assimp\assimp\fast_atof.h">
      <Filter>Sources\Assimp</Filter>
    </ClInclude>
    <ClInclude Include="Assimp\assimp\GenericProperty.h">
      <Filter>Sources\Assimp</Filter>
    </ClInclude>
    <ClInclude Include="Assimp\assimp\GltfMaterial.h">
      <Filter>Sources\Assimp</Filter>
    </ClInclude>
    <ClInclude Include="Assimp\assimp\Hash.h">
      <Filter>Sources\Assimp</Filter>
    </ClInclude>
    <ClInclude Include="Assimp\assimp\Importer.hpp">
      <Filter>Sources\Assimp</Filter>
    </ClInclude>
    <ClInclude Include="Assimp\assimp\importerdesc.h">
      <Filter>Sources\Assimp</Filter>
    </ClInclude>
    <ClInclude Include="Assimp\assimp\IOStream.hpp">
      <Filter>Sources\Assimp</Filter>
    </ClInclude>
    <ClInclude Include="Assimp\assimp\IOStreamBuffer.h">
      <Filter>Sources\Assimp</Filter>
    </ClInclude>
    <ClInclude Include="Assimp\assimp\IOSystem.hpp">
      <Filter>Sources\Assimp</Filter>
    </ClInclude>
    <ClInclude Include="Assimp\assimp\light.h">
      <Filter>Sources\Assimp</Filter>
    </ClInclude>
    <ClInclude Include="Assimp\assimp\LineSplitter.h">
      <Filter>Sources\Assimp</Filter>
    </ClInclude>
    <ClInclude Include="Assimp\assimp\LogAux.h">
      <Filter>Sources\Assimp</Filter>
    </ClInclude>
    <ClInclude Include="Assimp\assimp\Logger.hpp">
      <Filter>Sources\Assimp</Filter>
    </ClInclude>
    <ClInclude Include="Assimp\assimp\LogStream.hpp">
      <Filter>Sources\Assimp</Filter>
    </ClInclude>
    <ClInclude Include="Assimp\assimp\material.h">
      <Filter>Sources\Assimp</Filter>
    </ClInclude>
    <ClInclude Include="Assimp\assimp\MathFunctions.h">
      <Filter>Sources\Assimp</Filter>
    </ClInclude>
    <ClInclude Include="Assimp\assimp\matrix3x3.h">
      <Filter>Sources\Assimp</Filter>
    </ClInclude>
    <ClInclude Include="Assimp\assimp\matrix4x4.h">
      <Filter>Sources\Assimp</Filter>
    </ClInclude>
    <ClInclude Include="Assimp\assimp\MemoryIOWrapper.h">
      <Filter>Sources\Assimp</Filter>
    </ClInclude>
    <ClInclude Include="Assimp\assimp\mesh.h">
      <Filter>Sources\Assimp</Filter>
    </ClInclude>
    <ClInclude Include="Assimp\assimp\metadata.h">
      <Filter>Sources\Assimp</Filter>
    </ClInclude>
    <ClInclude Include="Assimp\assimp\NullLogger.hpp">
      <Filter>Sources\Assimp</Filter>
    </ClInclude>
    <ClInclude Include="Assimp\assimp\ObjMaterial.h">
      <Filter>Sources\Assimp</Filter>
    </ClInclude>
    <ClInclude Include="Assimp\assimp\ParsingUtils.h">
      <Filter>Sources\Assimp</Filter>
    </ClInclude>
    <ClInclude Include="Assimp\assimp\pbrmaterial.h">
      <Filter>Sources\Assimp</Filter>
    </ClInclude>
    <ClInclude Include="Assimp\assimp\postprocess.h">
      <Filter>Sources\Assimp</Filter>
    </ClInclude>
    <ClInclude Include="Assimp\assimp\Profiler.h">
      <Filter>Sources\Assimp</Filter>
    </ClInclude>
    <ClInclude Include="Assimp\assimp\ProgressHandler.hpp">
      <Filter>Sources\Assimp</Filter>
    </ClInclude>
    <ClInclude Include="Assimp\assimp\qnan.h">
      <Filter>Sources\Assimp</Filter>
    </ClInclude>
    <ClInclude Include="Assimp\assimp\quaternion.h">
      <Filter>Sources\Assimp</Filter>
    </ClInclude>
    <ClInclude Include="Assimp\assimp\RemoveComments.h">
      <Filter>Sources\Assimp</Filter>
    </ClInclude>
    <ClInclude Include="Assimp\assimp\scene.h">
      <Filter>Sources\Assimp</Filter>
    </ClInclude>
    <ClInclude Include="Assimp\assimp\SceneCombiner.h">
      <Filter>Sources\Assimp</Filter>
    </ClInclude>
    <ClInclude Include="Assimp\assimp\SGSpatialSort.h">
      <Filter>Sources\Assimp</Filter>
    </ClInclude>
    <ClInclude Include="Assimp\assimp\SkeletonMeshBuilder.h">
      <Filter>Sources\Assimp</Filter>
    </ClInclude>
    <ClInclude Include="Assimp\assimp\SmallVector.h">
      <Filter>Sources\Assimp</Filter>
    </ClInclude>
    <ClInclude Include="Assimp\assimp\SmoothingGroups.h">
      <Filter>Sources\Assimp</Filter>
    </ClInclude>
    <ClInclude Include="Assimp\assimp\SpatialSort.h">
      <Filter>Sources\Assimp</Filter>
    </ClInclude>
    <ClInclude Include="Assimp\assimp\StandardShapes.h">
      <Filter>Sources\Assimp</Filter>
    </ClInclude>
    <ClInclude Include="ModuleTextures.h">
      <Filter>Sources\Modules</Filter>
    </ClInclude>
  </ItemGroup>
  <ItemGroup>
    <ClCompile Include="ModuleAudio.cpp">
      <Filter>Sources\Modules</Filter>
    </ClCompile>
    <ClCompile Include="ModuleCamera3D.cpp">
      <Filter>Sources\Modules</Filter>
    </ClCompile>
    <ClCompile Include="ModuleInput.cpp">
      <Filter>Sources\Modules</Filter>
    </ClCompile>
    <ClCompile Include="ModuleRenderer3D.cpp">
      <Filter>Sources\Modules</Filter>
    </ClCompile>
    <ClCompile Include="ModuleWindow.cpp">
      <Filter>Sources\Modules</Filter>
    </ClCompile>
    <ClCompile Include="log.cpp">
      <Filter>Sources\Tools</Filter>
    </ClCompile>
    <ClCompile Include="Timer.cpp">
      <Filter>Sources\Tools</Filter>
    </ClCompile>
    <ClCompile Include="Application.cpp">
      <Filter>Sources</Filter>
    </ClCompile>
    <ClCompile Include="Main.cpp">
      <Filter>Sources</Filter>
    </ClCompile>
    <ClCompile Include="glmath.cpp">
      <Filter>Sources\Containers</Filter>
    </ClCompile>
    <ClCompile Include="Color.cpp">
      <Filter>Sources\Containers</Filter>
    </ClCompile>
    <ClCompile Include="Light.cpp">
      <Filter>Sources\Helpers</Filter>
    </ClCompile>
    <ClCompile Include="Blue_tool.cpp">
      <Filter>Sources\Tries</Filter>
    </ClCompile>
    <ClCompile Include="ModuleScene_01.cpp">
      <Filter>Sources\Modules</Filter>
    </ClCompile>
    <ClCompile Include="imgui\include\imgui_impl_sdlrenderer.cpp">
      <Filter>Sources\ImGui</Filter>
    </ClCompile>
    <ClCompile Include="imgui\include\imgui_tables.cpp">
      <Filter>Sources\ImGui</Filter>
    </ClCompile>
    <ClCompile Include="imgui\include\imgui_widgets.cpp">
      <Filter>Sources\ImGui</Filter>
    </ClCompile>
    <ClCompile Include="imgui\include\imgui.cpp">
      <Filter>Sources\ImGui</Filter>
    </ClCompile>
    <ClCompile Include="imgui\include\imgui_demo.cpp">
      <Filter>Sources\ImGui</Filter>
    </ClCompile>
    <ClCompile Include="imgui\include\imgui_draw.cpp">
      <Filter>Sources\ImGui</Filter>
    </ClCompile>
    <ClCompile Include="imgui\include\imgui_impl_opengl3.cpp">
      <Filter>Sources\ImGui</Filter>
    </ClCompile>
    <ClCompile Include="imgui\include\imgui_impl_sdl.cpp">
      <Filter>Sources\ImGui</Filter>
    </ClCompile>
    <ClCompile Include="PerfTimer.cpp">
      <Filter>Sources\Tools</Filter>
    </ClCompile>
    <ClCompile Include="MathGeoLib-master\src\Math\BitOps.cpp">
      <Filter>Sources\Tools\MathGeoLib\Math</Filter>
    </ClCompile>
    <ClCompile Include="MathGeoLib-master\src\Math\Callstack.cpp">
      <Filter>Sources\Tools\MathGeoLib\Math</Filter>
    </ClCompile>
    <ClCompile Include="MathGeoLib-master\src\Math\float2.cpp">
      <Filter>Sources\Tools\MathGeoLib\Math</Filter>
    </ClCompile>
    <ClCompile Include="MathGeoLib-master\src\Math\float3.cpp">
      <Filter>Sources\Tools\MathGeoLib\Math</Filter>
    </ClCompile>
    <ClCompile Include="MathGeoLib-master\src\Math\float3x3.cpp">
      <Filter>Sources\Tools\MathGeoLib\Math</Filter>
    </ClCompile>
    <ClCompile Include="MathGeoLib-master\src\Math\float3x4.cpp">
      <Filter>Sources\Tools\MathGeoLib\Math</Filter>
    </ClCompile>
    <ClCompile Include="MathGeoLib-master\src\Math\float4.cpp">
      <Filter>Sources\Tools\MathGeoLib\Math</Filter>
    </ClCompile>
    <ClCompile Include="MathGeoLib-master\src\Math\float4d.cpp">
      <Filter>Sources\Tools\MathGeoLib\Math</Filter>
    </ClCompile>
    <ClCompile Include="MathGeoLib-master\src\Math\float4x4.cpp">
      <Filter>Sources\Tools\MathGeoLib\Math</Filter>
    </ClCompile>
    <ClCompile Include="MathGeoLib-master\src\Math\grisu3.c">
      <Filter>Sources\Tools\MathGeoLib\Math</Filter>
    </ClCompile>
    <ClCompile Include="MathGeoLib-master\src\Math\grisu3_cpp.cpp">
      <Filter>Sources\Tools\MathGeoLib\Math</Filter>
    </ClCompile>
    <ClCompile Include="MathGeoLib-master\src\Math\MathFunc.cpp">
      <Filter>Sources\Tools\MathGeoLib\Math</Filter>
    </ClCompile>
    <ClCompile Include="MathGeoLib-master\src\Math\MathLog.cpp">
      <Filter>Sources\Tools\MathGeoLib\Math</Filter>
    </ClCompile>
    <ClCompile Include="MathGeoLib-master\src\Math\MathOps.cpp">
      <Filter>Sources\Tools\MathGeoLib\Math</Filter>
    </ClCompile>
    <ClCompile Include="MathGeoLib-master\src\Math\MiniFloat.cpp">
      <Filter>Sources\Tools\MathGeoLib\Math</Filter>
    </ClCompile>
    <ClCompile Include="MathGeoLib-master\src\Math\Polynomial.cpp">
      <Filter>Sources\Tools\MathGeoLib\Math</Filter>
    </ClCompile>
    <ClCompile Include="MathGeoLib-master\src\Math\Quat.cpp">
      <Filter>Sources\Tools\MathGeoLib\Math</Filter>
    </ClCompile>
    <ClCompile Include="MathGeoLib-master\src\Math\SSEMath.cpp">
      <Filter>Sources\Tools\MathGeoLib\Math</Filter>
    </ClCompile>
    <ClCompile Include="MathGeoLib-master\src\Math\TransformOps.cpp">
      <Filter>Sources\Tools\MathGeoLib\Math</Filter>
    </ClCompile>
    <ClCompile Include="MathGeoLib-master\src\Algorithm\GJK.cpp">
      <Filter>Sources\Tools\MathGeoLib\Algorithm</Filter>
    </ClCompile>
    <ClCompile Include="MathGeoLib-master\src\Algorithm\GJK2D.cpp">
      <Filter>Sources\Tools\MathGeoLib\Algorithm</Filter>
    </ClCompile>
    <ClCompile Include="MathGeoLib-master\src\Algorithm\SAT.cpp">
      <Filter>Sources\Tools\MathGeoLib\Algorithm</Filter>
    </ClCompile>
    <ClCompile Include="MathGeoLib-master\src\Geometry\AABB.cpp">
      <Filter>Sources\Tools\MathGeoLib\Geometry</Filter>
    </ClCompile>
    <ClCompile Include="MathGeoLib-master\src\Geometry\Capsule.cpp">
      <Filter>Sources\Tools\MathGeoLib\Geometry</Filter>
    </ClCompile>
    <ClCompile Include="MathGeoLib-master\src\Geometry\Circle.cpp">
      <Filter>Sources\Tools\MathGeoLib\Geometry</Filter>
    </ClCompile>
    <ClCompile Include="MathGeoLib-master\src\Geometry\Circle2D.cpp">
      <Filter>Sources\Tools\MathGeoLib\Geometry</Filter>
    </ClCompile>
    <ClCompile Include="MathGeoLib-master\src\Geometry\Frustum.cpp">
      <Filter>Sources\Tools\MathGeoLib\Geometry</Filter>
    </ClCompile>
    <ClCompile Include="MathGeoLib-master\src\Geometry\Line.cpp">
      <Filter>Sources\Tools\MathGeoLib\Geometry</Filter>
    </ClCompile>
    <ClCompile Include="MathGeoLib-master\src\Geometry\LineSegment.cpp">
      <Filter>Sources\Tools\MathGeoLib\Geometry</Filter>
    </ClCompile>
    <ClCompile Include="MathGeoLib-master\src\Geometry\LineSegment2D.cpp">
      <Filter>Sources\Tools\MathGeoLib\Geometry</Filter>
    </ClCompile>
    <ClCompile Include="MathGeoLib-master\src\Geometry\OBB.cpp">
      <Filter>Sources\Tools\MathGeoLib\Geometry</Filter>
    </ClCompile>
    <ClCompile Include="MathGeoLib-master\src\Geometry\PBVolume.cpp">
      <Filter>Sources\Tools\MathGeoLib\Geometry</Filter>
    </ClCompile>
    <ClCompile Include="MathGeoLib-master\src\Geometry\Plane.cpp">
      <Filter>Sources\Tools\MathGeoLib\Geometry</Filter>
    </ClCompile>
    <ClCompile Include="MathGeoLib-master\src\Geometry\Polygon.cpp">
      <Filter>Sources\Tools\MathGeoLib\Geometry</Filter>
    </ClCompile>
    <ClCompile Include="MathGeoLib-master\src\Geometry\Polyhedron.cpp">
      <Filter>Sources\Tools\MathGeoLib\Geometry</Filter>
    </ClCompile>
    <ClCompile Include="MathGeoLib-master\src\Geometry\Ray.cpp">
      <Filter>Sources\Tools\MathGeoLib\Geometry</Filter>
    </ClCompile>
    <ClCompile Include="MathGeoLib-master\src\Geometry\Sphere.cpp">
      <Filter>Sources\Tools\MathGeoLib\Geometry</Filter>
    </ClCompile>
    <ClCompile Include="MathGeoLib-master\src\Geometry\Triangle.cpp">
      <Filter>Sources\Tools\MathGeoLib\Geometry</Filter>
    </ClCompile>
    <ClCompile Include="MathGeoLib-master\src\Geometry\Triangle2D.cpp">
      <Filter>Sources\Tools\MathGeoLib\Geometry</Filter>
    </ClCompile>
    <ClCompile Include="MathGeoLib-master\src\Geometry\TriangleMesh.cpp">
      <Filter>Sources\Tools\MathGeoLib\Geometry</Filter>
    </ClCompile>
    <ClCompile Include="MathGeoLib-master\src\Algorithm\Random\LCG.cpp">
      <Filter>Sources\Tools\MathGeoLib\Algorithm\Random</Filter>
    </ClCompile>
    <ClCompile Include="MathGeoLib-master\src\Time\Clock.cpp">
      <Filter>Sources\Tools\MathGeoLib\Time</Filter>
    </ClCompile>
    <ClCompile Include="ModuleLoadFBX.cpp">
      <Filter>Sources\Modules</Filter>
    </ClCompile>
    <ClCompile Include="ModuleTextures.cpp">
      <Filter>Sources\Modules</Filter>
    </ClCompile>
  </ItemGroup>
  <ItemGroup>
    <None Include="MathGeoLib-master\src\Math\float2.inl">
      <Filter>Sources\Tools\MathGeoLib\Math</Filter>
    </None>
    <None Include="MathGeoLib-master\src\Math\Matrix.inl">
      <Filter>Sources\Tools\MathGeoLib\Math</Filter>
    </None>
    <None Include="MathGeoLib-master\src\Geometry\KDTree.inl">
      <Filter>Sources\Tools\MathGeoLib\Geometry</Filter>
    </None>
    <None Include="MathGeoLib-master\src\Geometry\QuadTree.inl">
      <Filter>Sources\Tools\MathGeoLib\Geometry</Filter>
    </None>
    <None Include="MathGeoLib-master\src\Geometry\TriangleMesh_IntersectRay_AVX.inl">
      <Filter>Sources\Tools\MathGeoLib\Geometry</Filter>
    </None>
    <None Include="MathGeoLib-master\src\Geometry\TriangleMesh_IntersectRay_CPP.inl">
      <Filter>Sources\Tools\MathGeoLib\Geometry</Filter>
    </None>
    <None Include="MathGeoLib-master\src\Geometry\TriangleMesh_IntersectRay_SSE.inl">
      <Filter>Sources\Tools\MathGeoLib\Geometry</Filter>
    </None>
    <None Include="glew\bin\Release\Win32\glewinfo.exe">
      <Filter>Sources\Tools\Glew\Bin\release\Win32</Filter>
    </None>
    <None Include="glew\bin\Release\Win32\visualinfo.exe">
      <Filter>Sources\Tools\Glew\Bin\release\Win32</Filter>
    </None>
    <None Include="glew\bin\Release\Win32\glew32.dll">
      <Filter>Sources\Tools\Glew\Bin\release\Win32</Filter>
    </None>
    <None Include="glew\bin\Release\x64\glew32.dll">
      <Filter>Sources\Tools\Glew\Bin\release\x64</Filter>
    </None>
    <None Include="glew\bin\Release\x64\glewinfo.exe">
      <Filter>Sources\Tools\Glew\Bin\release\x64</Filter>
    </None>
    <None Include="glew\bin\Release\x64\visualinfo.exe">
      <Filter>Sources\Tools\Glew\Bin\release\x64</Filter>
    </None>
    <None Include="glew\doc\advanced.html">
      <Filter>Sources\Tools\Glew\Doc</Filter>
    </None>
    <None Include="glew\doc\basic.html">
      <Filter>Sources\Tools\Glew\Doc</Filter>
    </None>
    <None Include="glew\doc\build.html">
      <Filter>Sources\Tools\Glew\Doc</Filter>
    </None>
    <None Include="glew\doc\credits.html">
      <Filter>Sources\Tools\Glew\Doc</Filter>
    </None>
    <None Include="glew\doc\glew.css">
      <Filter>Sources\Tools\Glew\Doc</Filter>
    </None>
    <None Include="glew\doc\glew.html">
      <Filter>Sources\Tools\Glew\Doc</Filter>
    </None>
    <None Include="glew\doc\glxew.html">
      <Filter>Sources\Tools\Glew\Doc</Filter>
    </None>
    <None Include="glew\doc\index.html">
      <Filter>Sources\Tools\Glew\Doc</Filter>
    </None>
    <None Include="glew\doc\install.html">
      <Filter>Sources\Tools\Glew\Doc</Filter>
    </None>
    <None Include="glew\doc\log.html">
      <Filter>Sources\Tools\Glew\Doc</Filter>
    </None>
    <None Include="glew\doc\wglew.html">
      <Filter>Sources\Tools\Glew\Doc</Filter>
    </None>
    <None Include="Assimp\assimp\vector2.inl">
      <Filter>Sources\Assimp</Filter>
    </None>
    <None Include="Assimp\assimp\vector3.inl">
      <Filter>Sources\Assimp</Filter>
    </None>
    <None Include="Assimp\assimp\color4.inl">
      <Filter>Sources\Assimp</Filter>
    </None>
    <None Include="Assimp\assimp\material.inl">
      <Filter>Sources\Assimp</Filter>
    </None>
    <None Include="Assimp\assimp\matrix3x3.inl">
      <Filter>Sources\Assimp</Filter>
    </None>
    <None Include="Assimp\assimp\matrix4x4.inl">
      <Filter>Sources\Assimp</Filter>
    </None>
    <None Include="Assimp\assimp\quaternion.inl">
      <Filter>Sources\Assimp</Filter>
    </None>
    <None Include="Assimp\assimp\SmoothingGroups.inl">
      <Filter>Sources\Assimp</Filter>
    </None>
  </ItemGroup>
  <ItemGroup>
    <Text Include="glew\LICENSE.txt">
      <Filter>Sources\Tools\Glew</Filter>
    </Text>
    <Text Include="glew\bin\Release\Win32\glewinfo.txt">
      <Filter>Sources\Tools\Glew\Bin\release\Win32</Filter>
    </Text>
    <Text Include="glew\doc\glew.txt">
      <Filter>Sources\Tools\Glew\Doc</Filter>
    </Text>
    <Text Include="glew\doc\gpl.txt">
      <Filter>Sources\Tools\Glew\Doc</Filter>
    </Text>
    <Text Include="glew\doc\khronos.txt">
      <Filter>Sources\Tools\Glew\Doc</Filter>
    </Text>
    <Text Include="glew\doc\mesa.txt">
      <Filter>Sources\Tools\Glew\Doc</Filter>
    </Text>
  </ItemGroup>
  <ItemGroup>
    <Image Include="glew\doc\github.png">
      <Filter>Sources\Tools\Glew\Doc</Filter>
    </Image>
    <Image Include="glew\doc\glew.png">
      <Filter>Sources\Tools\Glew\Doc</Filter>
    </Image>
    <Image Include="glew\doc\new.png">
      <Filter>Sources\Tools\Glew\Doc</Filter>
    </Image>
    <Image Include="glew\doc\ogl_sm.jpg">
      <Filter>Sources\Tools\Glew\Doc</Filter>
    </Image>
    <Image Include="glew\doc\travis.png">
      <Filter>Sources\Tools\Glew\Doc</Filter>
    </Image>
  </ItemGroup>
  <ItemGroup>
    <Library Include="glew\lib\Release\Win32\glew32.lib">
      <Filter>Sources\Tools\Glew\Lib\release\Win32</Filter>
    </Library>
    <Library Include="glew\lib\Release\Win32\glew32s.lib">
      <Filter>Sources\Tools\Glew\Lib\release\Win32</Filter>
    </Library>
    <Library Include="glew\lib\Release\x64\glew32.lib">
      <Filter>Sources\Tools\Glew\Lib\release\x64</Filter>
    </Library>
    <Library Include="glew\lib\Release\x64\glew32s.lib">
      <Filter>Sources\Tools\Glew\Lib\release\x64</Filter>
    </Library>
  </ItemGroup>
</Project>